// !$*UTF8*$!
{
	archiveVersion = 1;
	classes = {
	};
	objectVersion = 48;
	objects = {

/* Begin PBXBuildFile section */
		D26D47EE20A00C9F006CBCDB /* AppDelegate.swift in Sources */ = {isa = PBXBuildFile; fileRef = D26D47ED20A00C9F006CBCDB /* AppDelegate.swift */; };
		D26D47F020A00C9F006CBCDB /* ViewController.swift in Sources */ = {isa = PBXBuildFile; fileRef = D26D47EF20A00C9F006CBCDB /* ViewController.swift */; };
		D26D47F320A00C9F006CBCDB /* Main.storyboard in Resources */ = {isa = PBXBuildFile; fileRef = D26D47F120A00C9F006CBCDB /* Main.storyboard */; };
		D26D47F620A00C9F006CBCDB /* GoalPost_CoreData.xcdatamodeld in Sources */ = {isa = PBXBuildFile; fileRef = D26D47F420A00C9F006CBCDB /* GoalPost_CoreData.xcdatamodeld */; };
		D26D47F820A00C9F006CBCDB /* Assets.xcassets in Resources */ = {isa = PBXBuildFile; fileRef = D26D47F720A00C9F006CBCDB /* Assets.xcassets */; };
		D26D47FB20A00C9F006CBCDB /* LaunchScreen.storyboard in Resources */ = {isa = PBXBuildFile; fileRef = D26D47F920A00C9F006CBCDB /* LaunchScreen.storyboard */; };
/* End PBXBuildFile section */

/* Begin PBXFileReference section */
		D26D47EA20A00C9F006CBCDB /* GoalPost_CoreData.app */ = {isa = PBXFileReference; explicitFileType = wrapper.application; includeInIndex = 0; path = GoalPost_CoreData.app; sourceTree = BUILT_PRODUCTS_DIR; };
		D26D47ED20A00C9F006CBCDB /* AppDelegate.swift */ = {isa = PBXFileReference; lastKnownFileType = sourcecode.swift; path = AppDelegate.swift; sourceTree = "<group>"; };
		D26D47EF20A00C9F006CBCDB /* ViewController.swift */ = {isa = PBXFileReference; lastKnownFileType = sourcecode.swift; path = ViewController.swift; sourceTree = "<group>"; };
		D26D47F220A00C9F006CBCDB /* Base */ = {isa = PBXFileReference; lastKnownFileType = file.storyboard; name = Base; path = Base.lproj/Main.storyboard; sourceTree = "<group>"; };
		D26D47F520A00C9F006CBCDB /* GoalPost_CoreData.xcdatamodel */ = {isa = PBXFileReference; lastKnownFileType = wrapper.xcdatamodel; path = GoalPost_CoreData.xcdatamodel; sourceTree = "<group>"; };
		D26D47F720A00C9F006CBCDB /* Assets.xcassets */ = {isa = PBXFileReference; lastKnownFileType = folder.assetcatalog; path = Assets.xcassets; sourceTree = "<group>"; };
		D26D47FA20A00C9F006CBCDB /* Base */ = {isa = PBXFileReference; lastKnownFileType = file.storyboard; name = Base; path = Base.lproj/LaunchScreen.storyboard; sourceTree = "<group>"; };
		D26D47FC20A00C9F006CBCDB /* Info.plist */ = {isa = PBXFileReference; lastKnownFileType = text.plist.xml; path = Info.plist; sourceTree = "<group>"; };
/* End PBXFileReference section */

/* Begin PBXFrameworksBuildPhase section */
		D26D47E720A00C9F006CBCDB /* Frameworks */ = {
			isa = PBXFrameworksBuildPhase;
			buildActionMask = 2147483647;
			files = (
			);
			runOnlyForDeploymentPostprocessing = 0;
		};
/* End PBXFrameworksBuildPhase section */

/* Begin PBXGroup section */
		D26D47E120A00C9F006CBCDB = {
			isa = PBXGroup;
			children = (
				D26D47EC20A00C9F006CBCDB /* GoalPost_CoreData */,
				D26D47EB20A00C9F006CBCDB /* Products */,
			);
			sourceTree = "<group>";
		};
		D26D47EB20A00C9F006CBCDB /* Products */ = {
			isa = PBXGroup;
			children = (
				D26D47EA20A00C9F006CBCDB /* GoalPost_CoreData.app */,
			);
			name = Products;
			sourceTree = "<group>";
		};
		D26D47EC20A00C9F006CBCDB /* GoalPost_CoreData */ = {
			isa = PBXGroup;
			children = (
				D26D47ED20A00C9F006CBCDB /* AppDelegate.swift */,
				D26D47EF20A00C9F006CBCDB /* ViewController.swift */,
				D26D47F120A00C9F006CBCDB /* Main.storyboard */,
				D26D47F720A00C9F006CBCDB /* Assets.xcassets */,
				D26D47F920A00C9F006CBCDB /* LaunchScreen.storyboard */,
				D26D47FC20A00C9F006CBCDB /* Info.plist */,
				D26D47F420A00C9F006CBCDB /* GoalPost_CoreData.xcdatamodeld */,
			);
			path = GoalPost_CoreData;
			sourceTree = "<group>";
		};
/* End PBXGroup section */

/* Begin PBXNativeTarget section */
		D26D47E920A00C9F006CBCDB /* GoalPost_CoreData */ = {
			isa = PBXNativeTarget;
			buildConfigurationList = D26D47FF20A00C9F006CBCDB /* Build configuration list for PBXNativeTarget "GoalPost_CoreData" */;
			buildPhases = (
				D26D47E620A00C9F006CBCDB /* Sources */,
				D26D47E720A00C9F006CBCDB /* Frameworks */,
				D26D47E820A00C9F006CBCDB /* Resources */,
			);
			buildRules = (
			);
			dependencies = (
			);
			name = GoalPost_CoreData;
			productName = GoalPost_CoreData;
			productReference = D26D47EA20A00C9F006CBCDB /* GoalPost_CoreData.app */;
			productType = "com.apple.product-type.application";
		};
/* End PBXNativeTarget section */

/* Begin PBXProject section */
		D26D47E220A00C9F006CBCDB /* Project object */ = {
			isa = PBXProject;
			attributes = {
				LastSwiftUpdateCheck = 0910;
				LastUpgradeCheck = 0910;
				ORGANIZATIONNAME = NHTSOFT;
				TargetAttributes = {
					D26D47E920A00C9F006CBCDB = {
						CreatedOnToolsVersion = 9.1;
						ProvisioningStyle = Automatic;
					};
				};
			};
			buildConfigurationList = D26D47E520A00C9F006CBCDB /* Build configuration list for PBXProject "GoalPost_CoreData" */;
			compatibilityVersion = "Xcode 8.0";
			developmentRegion = en;
			hasScannedForEncodings = 0;
			knownRegions = (
				en,
				Base,
			);
			mainGroup = D26D47E120A00C9F006CBCDB;
			productRefGroup = D26D47EB20A00C9F006CBCDB /* Products */;
			projectDirPath = "";
			projectRoot = "";
			targets = (
				D26D47E920A00C9F006CBCDB /* GoalPost_CoreData */,
			);
		};
/* End PBXProject section */

/* Begin PBXResourcesBuildPhase section */
		D26D47E820A00C9F006CBCDB /* Resources */ = {
			isa = PBXResourcesBuildPhase;
			buildActionMask = 2147483647;
			files = (
				D26D47FB20A00C9F006CBCDB /* LaunchScreen.storyboard in Resources */,
				D26D47F820A00C9F006CBCDB /* Assets.xcassets in Resources */,
				D26D47F320A00C9F006CBCDB /* Main.storyboard in Resources */,
			);
			runOnlyForDeploymentPostprocessing = 0;
		};
/* End PBXResourcesBuildPhase section */

/* Begin PBXSourcesBuildPhase section */
		D26D47E620A00C9F006CBCDB /* Sources */ = {
			isa = PBXSourcesBuildPhase;
			buildActionMask = 2147483647;
			files = (
				D26D47F020A00C9F006CBCDB /* ViewController.swift in Sources */,
				D26D47F620A00C9F006CBCDB /* GoalPost_CoreData.xcdatamodeld in Sources */,
				D26D47EE20A00C9F006CBCDB /* AppDelegate.swift in Sources */,
			);
			runOnlyForDeploymentPostprocessing = 0;
		};
/* End PBXSourcesBuildPhase section */

/* Begin PBXVariantGroup section */
		D26D47F120A00C9F006CBCDB /* Main.storyboard */ = {
			isa = PBXVariantGroup;
			children = (
				D26D47F220A00C9F006CBCDB /* Base */,
			);
			name = Main.storyboard;
			sourceTree = "<group>";
		};
		D26D47F920A00C9F006CBCDB /* LaunchScreen.storyboard */ = {
			isa = PBXVariantGroup;
			children = (
				D26D47FA20A00C9F006CBCDB /* Base */,
			);
			name = LaunchScreen.storyboard;
			sourceTree = "<group>";
		};
/* End PBXVariantGroup section */

/* Begin XCBuildConfiguration section */
		D26D47FD20A00C9F006CBCDB /* Debug */ = {
			isa = XCBuildConfiguration;
			buildSettings = {
				ALWAYS_SEARCH_USER_PATHS = NO;
				CLANG_ANALYZER_NONNULL = YES;
				CLANG_ANALYZER_NUMBER_OBJECT_CONVERSION = YES_AGGRESSIVE;
				CLANG_CXX_LANGUAGE_STANDARD = "gnu++14";
				CLANG_CXX_LIBRARY = "libc++";
				CLANG_ENABLE_MODULES = YES;
				CLANG_ENABLE_OBJC_ARC = YES;
				CLANG_WARN_BLOCK_CAPTURE_AUTORELEASING = YES;
				CLANG_WARN_BOOL_CONVERSION = YES;
				CLANG_WARN_COMMA = YES;
				CLANG_WARN_CONSTANT_CONVERSION = YES;
				CLANG_WARN_DIRECT_OBJC_ISA_USAGE = YES_ERROR;
				CLANG_WARN_DOCUMENTATION_COMMENTS = YES;
				CLANG_WARN_EMPTY_BODY = YES;
				CLANG_WARN_ENUM_CONVERSION = YES;
				CLANG_WARN_INFINITE_RECURSION = YES;
				CLANG_WARN_INT_CONVERSION = YES;
				CLANG_WARN_NON_LITERAL_NULL_CONVERSION = YES;
				CLANG_WARN_OBJC_LITERAL_CONVERSION = YES;
				CLANG_WARN_OBJC_ROOT_CLASS = YES_ERROR;
				CLANG_WARN_RANGE_LOOP_ANALYSIS = YES;
				CLANG_WARN_STRICT_PROTOTYPES = YES;
				CLANG_WARN_SUSPICIOUS_MOVE = YES;
				CLANG_WARN_UNGUARDED_AVAILABILITY = YES_AGGRESSIVE;
				CLANG_WARN_UNREACHABLE_CODE = YES;
				CLANG_WARN__DUPLICATE_METHOD_MATCH = YES;
				CODE_SIGN_IDENTITY = "iPhone Developer";
				COPY_PHASE_STRIP = NO;
				DEBUG_INFORMATION_FORMAT = dwarf;
				ENABLE_STRICT_OBJC_MSGSEND = YES;
				ENABLE_TESTABILITY = YES;
				GCC_C_LANGUAGE_STANDARD = gnu11;
				GCC_DYNAMIC_NO_PIC = NO;
				GCC_NO_COMMON_BLOCKS = YES;
				GCC_OPTIMIZATION_LEVEL = 0;
				GCC_PREPROCESSOR_DEFINITIONS = (
					"DEBUG=1",
					"$(inherited)",
				);
				GCC_WARN_64_TO_32_BIT_CONVERSION = YES;
				GCC_WARN_ABOUT_RETURN_TYPE = YES_ERROR;
				GCC_WARN_UNDECLARED_SELECTOR = YES;
				GCC_WARN_UNINITIALIZED_AUTOS = YES_AGGRESSIVE;
				GCC_WARN_UNUSED_FUNCTION = YES;
				GCC_WARN_UNUSED_VARIABLE = YES;
				IPHONEOS_DEPLOYMENT_TARGET = 11.1;
				MTL_ENABLE_DEBUG_INFO = YES;
				ONLY_ACTIVE_ARCH = YES;
				SDKROOT = iphoneos;
				SWIFT_ACTIVE_COMPILATION_CONDITIONS = DEBUG;
				SWIFT_OPTIMIZATION_LEVEL = "-Onone";
			};
			name = Debug;
		};
		D26D47FE20A00C9F006CBCDB /* Release */ = {
			isa = XCBuildConfiguration;
			buildSettings = {
				ALWAYS_SEARCH_USER_PATHS = NO;
				CLANG_ANALYZER_NONNULL = YES;
				CLANG_ANALYZER_NUMBER_OBJECT_CONVERSION = YES_AGGRESSIVE;
				CLANG_CXX_LANGUAGE_STANDARD = "gnu++14";
				CLANG_CXX_LIBRARY = "libc++";
				CLANG_ENABLE_MODULES = YES;
				CLANG_ENABLE_OBJC_ARC = YES;
				CLANG_WARN_BLOCK_CAPTURE_AUTORELEASING = YES;
				CLANG_WARN_BOOL_CONVERSION = YES;
				CLANG_WARN_COMMA = YES;
				CLANG_WARN_CONSTANT_CONVERSION = YES;
				CLANG_WARN_DIRECT_OBJC_ISA_USAGE = YES_ERROR;
				CLANG_WARN_DOCUMENTATION_COMMENTS = YES;
				CLANG_WARN_EMPTY_BODY = YES;
				CLANG_WARN_ENUM_CONVERSION = YES;
				CLANG_WARN_INFINITE_RECURSION = YES;
				CLANG_WARN_INT_CONVERSION = YES;
				CLANG_WARN_NON_LITERAL_NULL_CONVERSION = YES;
				CLANG_WARN_OBJC_LITERAL_CONVERSION = YES;
				CLANG_WARN_OBJC_ROOT_CLASS = YES_ERROR;
				CLANG_WARN_RANGE_LOOP_ANALYSIS = YES;
				CLANG_WARN_STRICT_PROTOTYPES = YES;
				CLANG_WARN_SUSPICIOUS_MOVE = YES;
				CLANG_WARN_UNGUARDED_AVAILABILITY = YES_AGGRESSIVE;
				CLANG_WARN_UNREACHABLE_CODE = YES;
				CLANG_WARN__DUPLICATE_METHOD_MATCH = YES;
				CODE_SIGN_IDENTITY = "iPhone Developer";
				COPY_PHASE_STRIP = NO;
				DEBUG_INFORMATION_FORMAT = "dwarf-with-dsym";
				ENABLE_NS_ASSERTIONS = NO;
				ENABLE_STRICT_OBJC_MSGSEND = YES;
				GCC_C_LANGUAGE_STANDARD = gnu11;
				GCC_NO_COMMON_BLOCKS = YES;
				GCC_WARN_64_TO_32_BIT_CONVERSION = YES;
				GCC_WARN_ABOUT_RETURN_TYPE = YES_ERROR;
				GCC_WARN_UNDECLARED_SELECTOR = YES;
				GCC_WARN_UNINITIALIZED_AUTOS = YES_AGGRESSIVE;
				GCC_WARN_UNUSED_FUNCTION = YES;
				GCC_WARN_UNUSED_VARIABLE = YES;
				IPHONEOS_DEPLOYMENT_TARGET = 11.1;
				MTL_ENABLE_DEBUG_INFO = NO;
				SDKROOT = iphoneos;
				SWIFT_OPTIMIZATION_LEVEL = "-Owholemodule";
				VALIDATE_PRODUCT = YES;
			};
			name = Release;
		};
		D26D480020A00C9F006CBCDB /* Debug */ = {
			isa = XCBuildConfiguration;
			buildSettings = {
				ASSETCATALOG_COMPILER_APPICON_NAME = AppIcon;
				CODE_SIGN_STYLE = Automatic;
				INFOPLIST_FILE = GoalPost_CoreData/Info.plist;
				LD_RUNPATH_SEARCH_PATHS = "$(inherited) @executable_path/Frameworks";
				PRODUCT_BUNDLE_IDENTIFIER = "com.NHTSOFT.GoalPost-CoreData";
				PRODUCT_NAME = "$(TARGET_NAME)";
				SWIFT_VERSION = 4.0;
				TARGETED_DEVICE_FAMILY = "1,2";
			};
			name = Debug;
		};
		D26D480120A00C9F006CBCDB /* Release */ = {
			isa = XCBuildConfiguration;
			buildSettings = {
				ASSETCATALOG_COMPILER_APPICON_NAME = AppIcon;
				CODE_SIGN_STYLE = Automatic;
				INFOPLIST_FILE = GoalPost_CoreData/Info.plist;
				LD_RUNPATH_SEARCH_PATHS = "$(inherited) @executable_path/Frameworks";
				PRODUCT_BUNDLE_IDENTIFIER = "com.NHTSOFT.GoalPost-CoreData";
				PRODUCT_NAME = "$(TARGET_NAME)";
				SWIFT_VERSION = 4.0;
				TARGETED_DEVICE_FAMILY = "1,2";
			};
			name = Release;
		};
/* End XCBuildConfiguration section */

/* Begin XCConfigurationList section */
		D26D47E520A00C9F006CBCDB /* Build configuration list for PBXProject "GoalPost_CoreData" */ = {
			isa = XCConfigurationList;
			buildConfigurations = (
				D26D47FD20A00C9F006CBCDB /* Debug */,
				D26D47FE20A00C9F006CBCDB /* Release */,
			);
			defaultConfigurationIsVisible = 0;
			defaultConfigurationName = Release;
		};
		D26D47FF20A00C9F006CBCDB /* Build configuration list for PBXNativeTarget "GoalPost_CoreData" */ = {
			isa = XCConfigurationList;
			buildConfigurations = (
				D26D480020A00C9F006CBCDB /* Debug */,
				D26D480120A00C9F006CBCDB /* Release */,
			);
			defaultConfigurationIsVisible = 0;
			defaultConfigurationName = Release;
		};
/* End XCConfigurationList section */

/* Begin XCVersionGroup section */
		D26D47F420A00C9F006CBCDB /* GoalPost_CoreData.xcdatamodeld */ = {
			isa = XCVersionGroup;
			children = (
				D26D47F520A00C9F006CBCDB /* GoalPost_CoreData.xcdatamodel */,
			);
			currentVersion = D26D47F520A00C9F006CBCDB /* GoalPost_CoreData.xcdatamodel */;
			path = GoalPost_CoreData.xcdatamodeld;
			sourceTree = "<group>";
			versionGroupType = wrapper.xcdatamodel;
		};
/* End XCVersionGroup section */
	};
	rootObject = D26D47E220A00C9F006CBCDB /* Project object */;
}
